
Microsoft Visual Studio Solution File, Format Version 12.00
# Visual Studio Version 17
VisualStudioVersion = 17.4.33122.133
MinimumVisualStudioVersion = 10.0.40219.1
Project("{9A19103F-16F7-4668-BE54-9A1E7A4F7556}") = "Presentation", "Presentation\Presentation.csproj", "{67608EB3-B5C4-4A26-91BF-3AD7D121A3EB}"
EndProject
Project("{9A19103F-16F7-4668-BE54-9A1E7A4F7556}") = "DataAccess", "DataAccess\DataAccess.csproj", "{02F6D0E3-0FC2-4D43-85CF-D7DDF1EDE55E}"
EndProject
Project("{9A19103F-16F7-4668-BE54-9A1E7A4F7556}") = "Domain", "Domain\Domain.csproj", "{F5455A00-9A92-4DC9-BF98-326E325EFFE4}"
EndProject
Project("{9A19103F-16F7-4668-BE54-9A1E7A4F7556}") = "Common", "Common\Common.csproj", "{371EB410-AD2E-40E8-B8F3-6816CFB6786D}"
EndProject
Global
	GlobalSection(SolutionConfigurationPlatforms) = preSolution
		Debug|Any CPU = Debug|Any CPU
		Release|Any CPU = Release|Any CPU
	EndGlobalSection
	GlobalSection(ProjectConfigurationPlatforms) = postSolution
		{67608EB3-B5C4-4A26-91BF-3AD7D121A3EB}.Debug|Any CPU.ActiveCfg = Debug|Any CPU
		{67608EB3-B5C4-4A26-91BF-3AD7D121A3EB}.Debug|Any CPU.Build.0 = Debug|Any CPU
		{67608EB3-B5C4-4A26-91BF-3AD7D121A3EB}.Release|Any CPU.ActiveCfg = Release|Any CPU
		{67608EB3-B5C4-4A26-91BF-3AD7D121A3EB}.Release|Any CPU.Build.0 = Release|Any CPU
		{02F6D0E3-0FC2-4D43-85CF-D7DDF1EDE55E}.Debug|Any CPU.ActiveCfg = Debug|Any CPU
		{02F6D0E3-0FC2-4D43-85CF-D7DDF1EDE55E}.Debug|Any CPU.Build.0 = Debug|Any CPU
		{02F6D0E3-0FC2-4D43-85CF-D7DDF1EDE55E}.Release|Any CPU.ActiveCfg = Release|Any CPU
		{02F6D0E3-0FC2-4D43-85CF-D7DDF1EDE55E}.Release|Any CPU.Build.0 = Release|Any CPU
		{F5455A00-9A92-4DC9-BF98-326E325EFFE4}.Debug|Any CPU.ActiveCfg = Debug|Any CPU
		{F5455A00-9A92-4DC9-BF98-326E325EFFE4}.Debug|Any CPU.Build.0 = Debug|Any CPU
		{F5455A00-9A92-4DC9-BF98-326E325EFFE4}.Release|Any CPU.ActiveCfg = Release|Any CPU
		{F5455A00-9A92-4DC9-BF98-326E325EFFE4}.Release|Any CPU.Build.0 = Release|Any CPU
		{371EB410-AD2E-40E8-B8F3-6816CFB6786D}.Debug|Any CPU.ActiveCfg = Debug|Any CPU
		{371EB410-AD2E-40E8-B8F3-6816CFB6786D}.Debug|Any CPU.Build.0 = Debug|Any CPU
		{371EB410-AD2E-40E8-B8F3-6816CFB6786D}.Release|Any CPU.ActiveCfg = Release|Any CPU
		{371EB410-AD2E-40E8-B8F3-6816CFB6786D}.Release|Any CPU.Build.0 = Release|Any CPU
	EndGlobalSection
	GlobalSection(SolutionProperties) = preSolution
		HideSolutionNode = FALSE
	EndGlobalSection
	GlobalSection(ExtensibilityGlobals) = postSolution
		SolutionGuid = {351BC91C-EB9A-42BE-942A-454C4677FA1F}
	EndGlobalSection
EndGlobal
